{
  "nodes": {
    "blueprint": {
      "inputs": {
        "nixpkgs": [
          "nix-ai-tools",
          "nixpkgs"
        ],
        "systems": "systems"
      },
      "locked": {
        "lastModified": 1755332143,
        "narHash": "sha256-jaiZPA5ND7HPJ4U/bzp+BKGOYR14+rIe9tC6XA4jBHU=",
        "owner": "numtide",
        "repo": "blueprint",
        "rev": "3c8bf84e28df2be19cc6623cb3ceeb6fc0839b91",
        "type": "github"
      },
      "original": {
        "owner": "numtide",
        "repo": "blueprint",
        "type": "github"
      }
    },
    "flake-parts": {
      "inputs": {
        "nixpkgs-lib": "nixpkgs-lib"
      },
      "locked": {
        "lastModified": 1730504689,
        "narHash": "sha256-hgmguH29K2fvs9szpq2r3pz2/8cJd2LPS+b4tfNFCwE=",
        "owner": "hercules-ci",
        "repo": "flake-parts",
        "rev": "506278e768c2a08bec68eb62932193e341f55c90",
        "type": "github"
      },
      "original": {
        "owner": "hercules-ci",
        "repo": "flake-parts",
        "type": "github"
      }
    },
    "home-manager": {
      "inputs": {
        "nixpkgs": [
          "nixpkgs"
        ]
      },
      "locked": {
        "lastModified": 1758545873,
        "narHash": "sha256-0VP5cVd6DyibHNPC/IJ5Ut+KuNYUeKmr5ltzf+IcpjA=",
        "owner": "nix-community",
        "repo": "home-manager",
        "rev": "de5369834ff1f75246c46be89ef993392e961c26",
        "type": "github"
      },
      "original": {
        "owner": "nix-community",
        "repo": "home-manager",
        "type": "github"
      }
    },
    "llama-cpp": {
      "inputs": {
        "flake-parts": "flake-parts",
        "nixpkgs": [
          "nixpkgs"
        ]
      },
      "locked": {
        "lastModified": 1758029157,
        "narHash": "sha256-/SqSr3tGUKPhEKNLQBCL6zk5asxNxoimZr2azRhASHA=",
        "owner": "ggml-org",
        "repo": "llama.cpp",
        "rev": "3913f8730ec6d6245480affc30ae3049107956f4",
        "type": "github"
      },
      "original": {
        "owner": "ggml-org",
        "repo": "llama.cpp",
        "rev": "3913f8730ec6d6245480affc30ae3049107956f4",
        "type": "github"
      }
    },
    "nix-ai-tools": {
      "inputs": {
        "blueprint": "blueprint",
        "nixpkgs": [
          "nixpkgs"
        ],
        "treefmt-nix": "treefmt-nix"
      },
      "locked": {
        "lastModified": 1758538260,
        "narHash": "sha256-mnsN6/y3UYO72xf0/fkLQC+cM37Kd9WrjTQnN6rY8YQ=",
        "owner": "numtide",
        "repo": "nix-ai-tools",
        "rev": "94ac9ba097ae9a591aea18cd69bea6b9ad673464",
        "type": "github"
      },
      "original": {
        "owner": "numtide",
        "repo": "nix-ai-tools",
        "type": "github"
      }
    },
    "nixpkgs": {
      "locked": {
        "lastModified": 1758277210,
        "narHash": "sha256-iCGWf/LTy+aY0zFu8q12lK8KuZp7yvdhStehhyX1v8w=",
        "owner": "nixos",
        "repo": "nixpkgs",
        "rev": "8eaee110344796db060382e15d3af0a9fc396e0e",
        "type": "github"
      },
      "original": {
        "owner": "nixos",
        "ref": "nixos-unstable",
        "repo": "nixpkgs",
        "type": "github"
      }
    },
    "nixpkgs-lib": {
      "locked": {
        "lastModified": 1730504152,
        "narHash": "sha256-lXvH/vOfb4aGYyvFmZK/HlsNsr/0CVWlwYvo2rxJk3s=",
        "type": "tarball",
        "url": "https://github.com/NixOS/nixpkgs/archive/cc2f28000298e1269cea6612cd06ec9979dd5d7f.tar.gz"
      },
      "original": {
        "type": "tarball",
        "url": "https://github.com/NixOS/nixpkgs/archive/cc2f28000298e1269cea6612cd06ec9979dd5d7f.tar.gz"
      }
    },
    "nixpkgs-stable": {
      "locked": {
        "lastModified": 1758346548,
        "narHash": "sha256-afXE7AJ7MY6wY1pg/Y6UPHNYPy5GtUKeBkrZZ/gC71E=",
        "owner": "nixos",
        "repo": "nixpkgs",
        "rev": "b2a3852bd078e68dd2b3dfa8c00c67af1f0a7d20",
        "type": "github"
      },
      "original": {
        "owner": "nixos",
        "ref": "nixos-25.05",
        "repo": "nixpkgs",
        "type": "github"
      }
    },
    "root": {
      "inputs": {
        "home-manager": "home-manager",
        "llama-cpp": "llama-cpp",
        "nix-ai-tools": "nix-ai-tools",
        "nixpkgs": "nixpkgs",
        "nixpkgs-stable": "nixpkgs-stable",
        "rust-overlay": "rust-overlay"
      }
    },
    "rust-overlay": {
      "inputs": {
        "nixpkgs": [
          "nixpkgs"
        ]
      },
      "locked": {
        "lastModified": 1758508617,
        "narHash": "sha256-kx2uELmVnAbiekj/YFfWR26OXqXedImkhe2ocnbumTA=",
        "owner": "oxalica",
        "repo": "rust-overlay",
        "rev": "d2bac276ac7e669a1f09c48614538a37e3eb6d0f",
        "type": "github"
      },
      "original": {
        "owner": "oxalica",
        "repo": "rust-overlay",
        "type": "github"
      }
    },
    "systems": {
      "locked": {
        "lastModified": 1681028828,
        "narHash": "sha256-Vy1rq5AaRuLzOxct8nz4T6wlgyUR7zLU309k9mBC768=",
        "owner": "nix-systems",
        "repo": "default",
        "rev": "da67096a3b9bf56a91d16901293e51ba5b49a27e",
        "type": "github"
      },
      "original": {
        "owner": "nix-systems",
        "repo": "default",
        "type": "github"
      }
    },
    "treefmt-nix": {
      "inputs": {
        "nixpkgs": [
          "nix-ai-tools",
          "nixpkgs"
        ]
      },
      "locked": {
        "lastModified": 1758206697,
        "narHash": "sha256-/DbPkh6PZOgfueCbs3uzlk4ASU2nPPsiVWhpMCNkAd0=",
        "owner": "numtide",
        "repo": "treefmt-nix",
        "rev": "128222dc911b8e2e18939537bed1762b7f3a04aa",
        "type": "github"
      },
      "original": {
        "owner": "numtide",
        "repo": "treefmt-nix",
        "type": "github"
      }
    }
  },
  "root": "root",
  "version": 7
}
